
Microsoft Visual Studio Solution File, Format Version 12.00
# Visual Studio 2012
Project("{FAE04EC0-301F-11D3-BF4B-00C04F79EFBC}") = "BillBox", "BillBox\BillBox.csproj", "{5BB5A3E2-3766-4ED3-B7B5-0E58FB692345}"
EndProject
Project("{FAE04EC0-301F-11D3-BF4B-00C04F79EFBC}") = "BillBox.Tests", "BillBox.Tests\BillBox.Tests.csproj", "{253D97CB-9074-4DBF-8976-5B0F2F252BE0}"
EndProject
Global
	GlobalSection(SolutionConfigurationPlatforms) = preSolution
		Debug|Any CPU = Debug|Any CPU
		Release|Any CPU = Release|Any CPU
	EndGlobalSection
	GlobalSection(ProjectConfigurationPlatforms) = postSolution
		{5BB5A3E2-3766-4ED3-B7B5-0E58FB692345}.Debug|Any CPU.ActiveCfg = Debug|Any CPU
		{5BB5A3E2-3766-4ED3-B7B5-0E58FB692345}.Debug|Any CPU.Build.0 = Debug|Any CPU
		{5BB5A3E2-3766-4ED3-B7B5-0E58FB692345}.Release|Any CPU.ActiveCfg = Release|Any CPU
		{5BB5A3E2-3766-4ED3-B7B5-0E58FB692345}.Release|Any CPU.Build.0 = Release|Any CPU
		{253D97CB-9074-4DBF-8976-5B0F2F252BE0}.Debug|Any CPU.ActiveCfg = Debug|Any CPU
		{253D97CB-9074-4DBF-8976-5B0F2F252BE0}.Debug|Any CPU.Build.0 = Debug|Any CPU
		{253D97CB-9074-4DBF-8976-5B0F2F252BE0}.Release|Any CPU.ActiveCfg = Release|Any CPU
		{253D97CB-9074-4DBF-8976-5B0F2F252BE0}.Release|Any CPU.Build.0 = Release|Any CPU
	EndGlobalSection
	GlobalSection(SolutionProperties) = preSolution
		HideSolutionNode = FALSE
	EndGlobalSection
EndGlobal
