
Microsoft Visual Studio Solution File, Format Version 12.00
# Visual Studio 2012
Project("{FAE04EC0-301F-11D3-BF4B-00C04F79EFBC}") = "Billbox", "Billbox\Billbox.csproj", "{D8058358-1913-4957-A0CD-6C660EEC3A72}"
EndProject
Project("{FAE04EC0-301F-11D3-BF4B-00C04F79EFBC}") = "Billbox.Tests", "Billbox.Tests\Billbox.Tests.csproj", "{3C18D0E3-32BC-4EA4-937B-EF273BC59AEC}"
EndProject
Global
	GlobalSection(SolutionConfigurationPlatforms) = preSolution
		Debug|Any CPU = Debug|Any CPU
		Release|Any CPU = Release|Any CPU
	EndGlobalSection
	GlobalSection(ProjectConfigurationPlatforms) = postSolution
		{D8058358-1913-4957-A0CD-6C660EEC3A72}.Debug|Any CPU.ActiveCfg = Debug|Any CPU
		{D8058358-1913-4957-A0CD-6C660EEC3A72}.Debug|Any CPU.Build.0 = Debug|Any CPU
		{D8058358-1913-4957-A0CD-6C660EEC3A72}.Release|Any CPU.ActiveCfg = Release|Any CPU
		{D8058358-1913-4957-A0CD-6C660EEC3A72}.Release|Any CPU.Build.0 = Release|Any CPU
		{3C18D0E3-32BC-4EA4-937B-EF273BC59AEC}.Debug|Any CPU.ActiveCfg = Debug|Any CPU
		{3C18D0E3-32BC-4EA4-937B-EF273BC59AEC}.Debug|Any CPU.Build.0 = Debug|Any CPU
		{3C18D0E3-32BC-4EA4-937B-EF273BC59AEC}.Release|Any CPU.ActiveCfg = Release|Any CPU
		{3C18D0E3-32BC-4EA4-937B-EF273BC59AEC}.Release|Any CPU.Build.0 = Release|Any CPU
	EndGlobalSection
	GlobalSection(SolutionProperties) = preSolution
		HideSolutionNode = FALSE
	EndGlobalSection
EndGlobal
